// !$*UTF8*$!
{
	archiveVersion = 1;
	classes = {
	};
	objectVersion = 50;
	objects = {

/* Begin PBXBuildFile section */
		5515532B23E47E3500E2DF47 /* AppDelegate.swift in Sources */ = {isa = PBXBuildFile; fileRef = 5515532A23E47E3500E2DF47 /* AppDelegate.swift */; };
		5515532D23E47E3500E2DF47 /* SceneDelegate.swift in Sources */ = {isa = PBXBuildFile; fileRef = 5515532C23E47E3500E2DF47 /* SceneDelegate.swift */; };
		5515533423E47E3800E2DF47 /* Assets.xcassets in Resources */ = {isa = PBXBuildFile; fileRef = 5515533323E47E3800E2DF47 /* Assets.xcassets */; };
		5515533723E47E3800E2DF47 /* LaunchScreen.storyboard in Resources */ = {isa = PBXBuildFile; fileRef = 5515533523E47E3800E2DF47 /* LaunchScreen.storyboard */; };
		5515533F23E47FA200E2DF47 /* AnimationsTabController.swift in Sources */ = {isa = PBXBuildFile; fileRef = 5515533E23E47FA200E2DF47 /* AnimationsTabController.swift */; };
		5515534323E4807600E2DF47 /* SampleAnimationsViewController.swift in Sources */ = {isa = PBXBuildFile; fileRef = 5515534223E4807600E2DF47 /* SampleAnimationsViewController.swift */; };
		5515534623E4809E00E2DF47 /* ConstraintsAnimationController.swift in Sources */ = {isa = PBXBuildFile; fileRef = 5515534523E4809E00E2DF47 /* ConstraintsAnimationController.swift */; };
		55B7A02923E486CB002382FF /* SampleAnimationView.swift in Sources */ = {isa = PBXBuildFile; fileRef = 55B7A02823E486CB002382FF /* SampleAnimationView.swift */; };
		55B7A02C23E49B60002382FF /* ConstraintsAnimation.storyboard in Resources */ = {isa = PBXBuildFile; fileRef = 55B7A02B23E49B60002382FF /* ConstraintsAnimation.storyboard */; };
/* End PBXBuildFile section */

/* Begin PBXFileReference section */
		5515532723E47E3500E2DF47 /* UIKit-Animations-Jan31.app */ = {isa = PBXFileReference; explicitFileType = wrapper.application; includeInIndex = 0; path = "UIKit-Animations-Jan31.app"; sourceTree = BUILT_PRODUCTS_DIR; };
		5515532A23E47E3500E2DF47 /* AppDelegate.swift */ = {isa = PBXFileReference; lastKnownFileType = sourcecode.swift; path = AppDelegate.swift; sourceTree = "<group>"; };
		5515532C23E47E3500E2DF47 /* SceneDelegate.swift */ = {isa = PBXFileReference; lastKnownFileType = sourcecode.swift; path = SceneDelegate.swift; sourceTree = "<group>"; };
		5515533323E47E3800E2DF47 /* Assets.xcassets */ = {isa = PBXFileReference; lastKnownFileType = folder.assetcatalog; path = Assets.xcassets; sourceTree = "<group>"; };
		5515533623E47E3800E2DF47 /* Base */ = {isa = PBXFileReference; lastKnownFileType = file.storyboard; name = Base; path = Base.lproj/LaunchScreen.storyboard; sourceTree = "<group>"; };
		5515533823E47E3800E2DF47 /* Info.plist */ = {isa = PBXFileReference; lastKnownFileType = text.plist.xml; path = Info.plist; sourceTree = "<group>"; };
		5515533E23E47FA200E2DF47 /* AnimationsTabController.swift */ = {isa = PBXFileReference; lastKnownFileType = sourcecode.swift; path = AnimationsTabController.swift; sourceTree = "<group>"; };
		5515534223E4807600E2DF47 /* SampleAnimationsViewController.swift */ = {isa = PBXFileReference; lastKnownFileType = sourcecode.swift; path = SampleAnimationsViewController.swift; sourceTree = "<group>"; };
		5515534523E4809E00E2DF47 /* ConstraintsAnimationController.swift */ = {isa = PBXFileReference; lastKnownFileType = sourcecode.swift; path = ConstraintsAnimationController.swift; sourceTree = "<group>"; };
		55B7A02823E486CB002382FF /* SampleAnimationView.swift */ = {isa = PBXFileReference; lastKnownFileType = sourcecode.swift; path = SampleAnimationView.swift; sourceTree = "<group>"; };
		55B7A02B23E49B60002382FF /* ConstraintsAnimation.storyboard */ = {isa = PBXFileReference; lastKnownFileType = file.storyboard; path = ConstraintsAnimation.storyboard; sourceTree = "<group>"; };
/* End PBXFileReference section */

/* Begin PBXFrameworksBuildPhase section */
		5515532423E47E3500E2DF47 /* Frameworks */ = {
			isa = PBXFrameworksBuildPhase;
			buildActionMask = 2147483647;
			files = (
			);
			runOnlyForDeploymentPostprocessing = 0;
		};
/* End PBXFrameworksBuildPhase section */

/* Begin PBXGroup section */
		5515531E23E47E3500E2DF47 = {
			isa = PBXGroup;
			children = (
				5515532923E47E3500E2DF47 /* UIKit-Animations-Jan31 */,
				5515532823E47E3500E2DF47 /* Products */,
			);
			sourceTree = "<group>";
		};
		5515532823E47E3500E2DF47 /* Products */ = {
			isa = PBXGroup;
			children = (
				5515532723E47E3500E2DF47 /* UIKit-Animations-Jan31.app */,
			);
			name = Products;
			sourceTree = "<group>";
		};
		5515532923E47E3500E2DF47 /* UIKit-Animations-Jan31 */ = {
			isa = PBXGroup;
			children = (
				55B7A02A23E48BEA002382FF /* views */,
				5515534423E4807C00E2DF47 /* view controllers */,
				5515532A23E47E3500E2DF47 /* AppDelegate.swift */,
				55B7A02B23E49B60002382FF /* ConstraintsAnimation.storyboard */,
				5515532C23E47E3500E2DF47 /* SceneDelegate.swift */,
				5515533323E47E3800E2DF47 /* Assets.xcassets */,
				5515533523E47E3800E2DF47 /* LaunchScreen.storyboard */,
				5515533823E47E3800E2DF47 /* Info.plist */,
			);
			path = "UIKit-Animations-Jan31";
			sourceTree = "<group>";
		};
		5515534423E4807C00E2DF47 /* view controllers */ = {
			isa = PBXGroup;
			children = (
				55B7A02823E486CB002382FF /* SampleAnimationView.swift */,
				5515533E23E47FA200E2DF47 /* AnimationsTabController.swift */,
				5515534223E4807600E2DF47 /* SampleAnimationsViewController.swift */,
				5515534523E4809E00E2DF47 /* ConstraintsAnimationController.swift */,
			);
			path = "view controllers";
			sourceTree = "<group>";
		};
		55B7A02A23E48BEA002382FF /* views */ = {
			isa = PBXGroup;
			children = (
			);
			path = views;
			sourceTree = "<group>";
		};
/* End PBXGroup section */

/* Begin PBXNativeTarget section */
		5515532623E47E3500E2DF47 /* UIKit-Animations-Jan31 */ = {
			isa = PBXNativeTarget;
			buildConfigurationList = 5515533B23E47E3800E2DF47 /* Build configuration list for PBXNativeTarget "UIKit-Animations-Jan31" */;
			buildPhases = (
				5515532323E47E3500E2DF47 /* Sources */,
				5515532423E47E3500E2DF47 /* Frameworks */,
				5515532523E47E3500E2DF47 /* Resources */,
			);
			buildRules = (
			);
			dependencies = (
			);
			name = "UIKit-Animations-Jan31";
			productName = "UIKit-Animations-Jan31";
			productReference = 5515532723E47E3500E2DF47 /* UIKit-Animations-Jan31.app */;
			productType = "com.apple.product-type.application";
		};
/* End PBXNativeTarget section */

/* Begin PBXProject section */
		5515531F23E47E3500E2DF47 /* Project object */ = {
			isa = PBXProject;
			attributes = {
				LastSwiftUpdateCheck = 1120;
				LastUpgradeCheck = 1120;
				ORGANIZATIONNAME = Pursuit;
				TargetAttributes = {
					5515532623E47E3500E2DF47 = {
						CreatedOnToolsVersion = 11.2.1;
					};
				};
			};
			buildConfigurationList = 5515532223E47E3500E2DF47 /* Build configuration list for PBXProject "UIKit-Animations-Jan31" */;
			compatibilityVersion = "Xcode 9.3";
			developmentRegion = en;
			hasScannedForEncodings = 0;
			knownRegions = (
				en,
				Base,
			);
			mainGroup = 5515531E23E47E3500E2DF47;
			productRefGroup = 5515532823E47E3500E2DF47 /* Products */;
			projectDirPath = "";
			projectRoot = "";
			targets = (
				5515532623E47E3500E2DF47 /* UIKit-Animations-Jan31 */,
			);
		};
/* End PBXProject section */

/* Begin PBXResourcesBuildPhase section */
		5515532523E47E3500E2DF47 /* Resources */ = {
			isa = PBXResourcesBuildPhase;
			buildActionMask = 2147483647;
			files = (
				5515533723E47E3800E2DF47 /* LaunchScreen.storyboard in Resources */,
				5515533423E47E3800E2DF47 /* Assets.xcassets in Resources */,
				55B7A02C23E49B60002382FF /* ConstraintsAnimation.storyboard in Resources */,
			);
			runOnlyForDeploymentPostprocessing = 0;
		};
/* End PBXResourcesBuildPhase section */

/* Begin PBXSourcesBuildPhase section */
		5515532323E47E3500E2DF47 /* Sources */ = {
			isa = PBXSourcesBuildPhase;
			buildActionMask = 2147483647;
			files = (
				5515532B23E47E3500E2DF47 /* AppDelegate.swift in Sources */,
				5515533F23E47FA200E2DF47 /* AnimationsTabController.swift in Sources */,
				5515532D23E47E3500E2DF47 /* SceneDelegate.swift in Sources */,
				55B7A02923E486CB002382FF /* SampleAnimationView.swift in Sources */,
				5515534323E4807600E2DF47 /* SampleAnimationsViewController.swift in Sources */,
				5515534623E4809E00E2DF47 /* ConstraintsAnimationController.swift in Sources */,
			);
			runOnlyForDeploymentPostprocessing = 0;
		};
/* End PBXSourcesBuildPhase section */

/* Begin PBXVariantGroup section */
		5515533523E47E3800E2DF47 /* LaunchScreen.storyboard */ = {
			isa = PBXVariantGroup;
			children = (
				5515533623E47E3800E2DF47 /* Base */,
			);
			name = LaunchScreen.storyboard;
			sourceTree = "<group>";
		};
/* End PBXVariantGroup section */

/* Begin XCBuildConfiguration section */
		5515533923E47E3800E2DF47 /* Debug */ = {
			isa = XCBuildConfiguration;
			buildSettings = {
				ALWAYS_SEARCH_USER_PATHS = NO;
				CLANG_ANALYZER_NONNULL = YES;
				CLANG_ANALYZER_NUMBER_OBJECT_CONVERSION = YES_AGGRESSIVE;
				CLANG_CXX_LANGUAGE_STANDARD = "gnu++14";
				CLANG_CXX_LIBRARY = "libc++";
				CLANG_ENABLE_MODULES = YES;
				CLANG_ENABLE_OBJC_ARC = YES;
				CLANG_ENABLE_OBJC_WEAK = YES;
				CLANG_WARN_BLOCK_CAPTURE_AUTORELEASING = YES;
				CLANG_WARN_BOOL_CONVERSION = YES;
				CLANG_WARN_COMMA = YES;
				CLANG_WARN_CONSTANT_CONVERSION = YES;
				CLANG_WARN_DEPRECATED_OBJC_IMPLEMENTATIONS = YES;
				CLANG_WARN_DIRECT_OBJC_ISA_USAGE = YES_ERROR;
				CLANG_WARN_DOCUMENTATION_COMMENTS = YES;
				CLANG_WARN_EMPTY_BODY = YES;
				CLANG_WARN_ENUM_CONVERSION = YES;
				CLANG_WARN_INFINITE_RECURSION = YES;
				CLANG_WARN_INT_CONVERSION = YES;
				CLANG_WARN_NON_LITERAL_NULL_CONVERSION = YES;
				CLANG_WARN_OBJC_IMPLICIT_RETAIN_SELF = YES;
				CLANG_WARN_OBJC_LITERAL_CONVERSION = YES;
				CLANG_WARN_OBJC_ROOT_CLASS = YES_ERROR;
				CLANG_WARN_RANGE_LOOP_ANALYSIS = YES;
				CLANG_WARN_STRICT_PROTOTYPES = YES;
				CLANG_WARN_SUSPICIOUS_MOVE = YES;
				CLANG_WARN_UNGUARDED_AVAILABILITY = YES_AGGRESSIVE;
				CLANG_WARN_UNREACHABLE_CODE = YES;
				CLANG_WARN__DUPLICATE_METHOD_MATCH = YES;
				COPY_PHASE_STRIP = NO;
				DEBUG_INFORMATION_FORMAT = dwarf;
				ENABLE_STRICT_OBJC_MSGSEND = YES;
				ENABLE_TESTABILITY = YES;
				GCC_C_LANGUAGE_STANDARD = gnu11;
				GCC_DYNAMIC_NO_PIC = NO;
				GCC_NO_COMMON_BLOCKS = YES;
				GCC_OPTIMIZATION_LEVEL = 0;
				GCC_PREPROCESSOR_DEFINITIONS = (
					"DEBUG=1",
					"$(inherited)",
				);
				GCC_WARN_64_TO_32_BIT_CONVERSION = YES;
				GCC_WARN_ABOUT_RETURN_TYPE = YES_ERROR;
				GCC_WARN_UNDECLARED_SELECTOR = YES;
				GCC_WARN_UNINITIALIZED_AUTOS = YES_AGGRESSIVE;
				GCC_WARN_UNUSED_FUNCTION = YES;
				GCC_WARN_UNUSED_VARIABLE = YES;
				IPHONEOS_DEPLOYMENT_TARGET = 13.2;
				MTL_ENABLE_DEBUG_INFO = INCLUDE_SOURCE;
				MTL_FAST_MATH = YES;
				ONLY_ACTIVE_ARCH = YES;
				SDKROOT = iphoneos;
				SWIFT_ACTIVE_COMPILATION_CONDITIONS = DEBUG;
				SWIFT_OPTIMIZATION_LEVEL = "-Onone";
			};
			name = Debug;
		};
		5515533A23E47E3800E2DF47 /* Release */ = {
			isa = XCBuildConfiguration;
			buildSettings = {
				ALWAYS_SEARCH_USER_PATHS = NO;
				CLANG_ANALYZER_NONNULL = YES;
				CLANG_ANALYZER_NUMBER_OBJECT_CONVERSION = YES_AGGRESSIVE;
				CLANG_CXX_LANGUAGE_STANDARD = "gnu++14";
				CLANG_CXX_LIBRARY = "libc++";
				CLANG_ENABLE_MODULES = YES;
				CLANG_ENABLE_OBJC_ARC = YES;
				CLANG_ENABLE_OBJC_WEAK = YES;
				CLANG_WARN_BLOCK_CAPTURE_AUTORELEASING = YES;
				CLANG_WARN_BOOL_CONVERSION = YES;
				CLANG_WARN_COMMA = YES;
				CLANG_WARN_CONSTANT_CONVERSION = YES;
				CLANG_WARN_DEPRECATED_OBJC_IMPLEMENTATIONS = YES;
				CLANG_WARN_DIRECT_OBJC_ISA_USAGE = YES_ERROR;
				CLANG_WARN_DOCUMENTATION_COMMENTS = YES;
				CLANG_WARN_EMPTY_BODY = YES;
				CLANG_WARN_ENUM_CONVERSION = YES;
				CLANG_WARN_INFINITE_RECURSION = YES;
				CLANG_WARN_INT_CONVERSION = YES;
				CLANG_WARN_NON_LITERAL_NULL_CONVERSION = YES;
				CLANG_WARN_OBJC_IMPLICIT_RETAIN_SELF = YES;
				CLANG_WARN_OBJC_LITERAL_CONVERSION = YES;
				CLANG_WARN_OBJC_ROOT_CLASS = YES_ERROR;
				CLANG_WARN_RANGE_LOOP_ANALYSIS = YES;
				CLANG_WARN_STRICT_PROTOTYPES = YES;
				CLANG_WARN_SUSPICIOUS_MOVE = YES;
				CLANG_WARN_UNGUARDED_AVAILABILITY = YES_AGGRESSIVE;
				CLANG_WARN_UNREACHABLE_CODE = YES;
				CLANG_WARN__DUPLICATE_METHOD_MATCH = YES;
				COPY_PHASE_STRIP = NO;
				DEBUG_INFORMATION_FORMAT = "dwarf-with-dsym";
				ENABLE_NS_ASSERTIONS = NO;
				ENABLE_STRICT_OBJC_MSGSEND = YES;
				GCC_C_LANGUAGE_STANDARD = gnu11;
				GCC_NO_COMMON_BLOCKS = YES;
				GCC_WARN_64_TO_32_BIT_CONVERSION = YES;
				GCC_WARN_ABOUT_RETURN_TYPE = YES_ERROR;
				GCC_WARN_UNDECLARED_SELECTOR = YES;
				GCC_WARN_UNINITIALIZED_AUTOS = YES_AGGRESSIVE;
				GCC_WARN_UNUSED_FUNCTION = YES;
				GCC_WARN_UNUSED_VARIABLE = YES;
				IPHONEOS_DEPLOYMENT_TARGET = 13.2;
				MTL_ENABLE_DEBUG_INFO = NO;
				MTL_FAST_MATH = YES;
				SDKROOT = iphoneos;
				SWIFT_COMPILATION_MODE = wholemodule;
				SWIFT_OPTIMIZATION_LEVEL = "-O";
				VALIDATE_PRODUCT = YES;
			};
			name = Release;
		};
		5515533C23E47E3800E2DF47 /* Debug */ = {
			isa = XCBuildConfiguration;
			buildSettings = {
				ASSETCATALOG_COMPILER_APPICON_NAME = AppIcon;
				CODE_SIGN_STYLE = Automatic;
				DEVELOPMENT_TEAM = T3TVM2A475;
				INFOPLIST_FILE = "UIKit-Animations-Jan31/Info.plist";
				LD_RUNPATH_SEARCH_PATHS = (
					"$(inherited)",
					"@executable_path/Frameworks",
				);
				PRODUCT_BUNDLE_IDENTIFIER = "pursuitful.UIKit-Animations-Jan31";
				PRODUCT_NAME = "$(TARGET_NAME)";
				SWIFT_VERSION = 5.0;
				TARGETED_DEVICE_FAMILY = "1,2";
			};
			name = Debug;
		};
		5515533D23E47E3800E2DF47 /* Release */ = {
			isa = XCBuildConfiguration;
			buildSettings = {
				ASSETCATALOG_COMPILER_APPICON_NAME = AppIcon;
				CODE_SIGN_STYLE = Automatic;
				DEVELOPMENT_TEAM = T3TVM2A475;
				INFOPLIST_FILE = "UIKit-Animations-Jan31/Info.plist";
				LD_RUNPATH_SEARCH_PATHS = (
					"$(inherited)",
					"@executable_path/Frameworks",
				);
				PRODUCT_BUNDLE_IDENTIFIER = "pursuitful.UIKit-Animations-Jan31";
				PRODUCT_NAME = "$(TARGET_NAME)";
				SWIFT_VERSION = 5.0;
				TARGETED_DEVICE_FAMILY = "1,2";
			};
			name = Release;
		};
/* End XCBuildConfiguration section */

/* Begin XCConfigurationList section */
		5515532223E47E3500E2DF47 /* Build configuration list for PBXProject "UIKit-Animations-Jan31" */ = {
			isa = XCConfigurationList;
			buildConfigurations = (
				5515533923E47E3800E2DF47 /* Debug */,
				5515533A23E47E3800E2DF47 /* Release */,
			);
			defaultConfigurationIsVisible = 0;
			defaultConfigurationName = Release;
		};
		5515533B23E47E3800E2DF47 /* Build configuration list for PBXNativeTarget "UIKit-Animations-Jan31" */ = {
			isa = XCConfigurationList;
			buildConfigurations = (
				5515533C23E47E3800E2DF47 /* Debug */,
				5515533D23E47E3800E2DF47 /* Release */,
			);
			defaultConfigurationIsVisible = 0;
			defaultConfigurationName = Release;
		};
/* End XCConfigurationList section */
	};
	rootObject = 5515531F23E47E3500E2DF47 /* Project object */;
}
